
Microsoft Visual Studio Solution File, Format Version 12.00
# Visual Studio 15
VisualStudioVersion = 15.0.28307.438
MinimumVisualStudioVersion = 10.0.40219.1
Project("{FAE04EC0-301F-11D3-BF4B-00C04F79EFBC}") = "AlbumCollection", "AlbumCollection\AlbumCollection.csproj", "{50C73C6F-F336-4BA2-AE4F-40671E692312}"
EndProject
Project("{FAE04EC0-301F-11D3-BF4B-00C04F79EFBC}") = "AlbumCollection.Tests", "AlbumCollection.Tests\AlbumCollection.Tests.csproj", "{6B618C3B-C898-4842-83C8-B51B7E8C9CC6}"
EndProject
Global
	GlobalSection(SolutionConfigurationPlatforms) = preSolution
		Debug|Any CPU = Debug|Any CPU
		Release|Any CPU = Release|Any CPU
	EndGlobalSection
	GlobalSection(ProjectConfigurationPlatforms) = postSolution
		{50C73C6F-F336-4BA2-AE4F-40671E692312}.Debug|Any CPU.ActiveCfg = Debug|Any CPU
		{50C73C6F-F336-4BA2-AE4F-40671E692312}.Debug|Any CPU.Build.0 = Debug|Any CPU
		{50C73C6F-F336-4BA2-AE4F-40671E692312}.Release|Any CPU.ActiveCfg = Release|Any CPU
		{50C73C6F-F336-4BA2-AE4F-40671E692312}.Release|Any CPU.Build.0 = Release|Any CPU
		{6B618C3B-C898-4842-83C8-B51B7E8C9CC6}.Debug|Any CPU.ActiveCfg = Debug|Any CPU
		{6B618C3B-C898-4842-83C8-B51B7E8C9CC6}.Debug|Any CPU.Build.0 = Debug|Any CPU
		{6B618C3B-C898-4842-83C8-B51B7E8C9CC6}.Release|Any CPU.ActiveCfg = Release|Any CPU
		{6B618C3B-C898-4842-83C8-B51B7E8C9CC6}.Release|Any CPU.Build.0 = Release|Any CPU
	EndGlobalSection
	GlobalSection(SolutionProperties) = preSolution
		HideSolutionNode = FALSE
	EndGlobalSection
	GlobalSection(ExtensibilityGlobals) = postSolution
		SolutionGuid = {DEF99639-A820-4468-B078-2F3D1D8BD800}
	EndGlobalSection
EndGlobal
